
Microsoft Visual Studio Solution File, Format Version 12.00
# Visual Studio 15
VisualStudioVersion = 15.0.27004.2008
MinimumVisualStudioVersion = 10.0.40219.1
Project("{FAE04EC0-301F-11D3-BF4B-00C04F79EFBC}") = "DominoPlanner", "DominoPlanner\DominoPlanner.csproj", "{7AC2F7A9-4252-4265-9324-340AD469A938}"
	ProjectSection(ProjectDependencies) = postProject
		{7B3057CF-E826-401F-8F61-344A4EA1AAFE} = {7B3057CF-E826-401F-8F61-344A4EA1AAFE}
	EndProjectSection
EndProject
Project("{2150E333-8FDC-42A3-9474-1A3956D46DE8}") = "Solution Items", "Solution Items", "{FA7DD8A5-51E0-4ED7-AADA-7A48E2556D28}"
	ProjectSection(SolutionItems) = preProject
		Performance1.psess = Performance1.psess
	EndProjectSection
EndProject
Project("{54435603-DBB4-11D2-8724-00A0C9A8B90C}") = "DominoPlannerSetup", "DominoPlannerSetup\DominoPlannerSetup.vdproj", "{FABD89A0-8401-4597-A29C-4862945BAB0E}"
EndProject
Project("{FAE04EC0-301F-11D3-BF4B-00C04F79EFBC}") = "DominoPlanner.Usage", "DominoPlanner.Usage\DominoPlanner.Usage.csproj", "{B94C974F-BD58-4022-B878-BA9F1ECE34A9}"
EndProject
Project("{FAE04EC0-301F-11D3-BF4B-00C04F79EFBC}") = "DominoPlanner.Core", "DominoPlanner.Core\DominoPlanner.Core.csproj", "{7B3057CF-E826-401F-8F61-344A4EA1AAFE}"
EndProject
Project("{FAE04EC0-301F-11D3-BF4B-00C04F79EFBC}") = "DominoPlanner.CoreTests", "DominoPlanner.CoreTests\DominoPlanner.CoreTests.csproj", "{2F101449-5DBE-41A6-847A-E0F8E1E8056A}"
EndProject
Project("{FAE04EC0-301F-11D3-BF4B-00C04F79EFBC}") = "DominoPlanner.UnitTests", "DominoPlanner.UnitTests\DominoPlanner.UnitTests.csproj", "{85600840-C657-452D-8CF0-0AEFD1B68D5D}"
EndProject
Global
	GlobalSection(SolutionConfigurationPlatforms) = preSolution
		Debug|Any CPU = Debug|Any CPU
		Debug|Mixed Platforms = Debug|Mixed Platforms
		Debug|x86 = Debug|x86
		Release|Any CPU = Release|Any CPU
		Release|Mixed Platforms = Release|Mixed Platforms
		Release|x86 = Release|x86
	EndGlobalSection
	GlobalSection(ProjectConfigurationPlatforms) = postSolution
		{7AC2F7A9-4252-4265-9324-340AD469A938}.Debug|Any CPU.ActiveCfg = Debug|Any CPU
		{7AC2F7A9-4252-4265-9324-340AD469A938}.Debug|Any CPU.Build.0 = Debug|Any CPU
		{7AC2F7A9-4252-4265-9324-340AD469A938}.Debug|Mixed Platforms.ActiveCfg = Debug|Any CPU
		{7AC2F7A9-4252-4265-9324-340AD469A938}.Debug|Mixed Platforms.Build.0 = Debug|Any CPU
		{7AC2F7A9-4252-4265-9324-340AD469A938}.Debug|x86.ActiveCfg = Debug|Any CPU
		{7AC2F7A9-4252-4265-9324-340AD469A938}.Release|Any CPU.ActiveCfg = Release|Any CPU
		{7AC2F7A9-4252-4265-9324-340AD469A938}.Release|Any CPU.Build.0 = Release|Any CPU
		{7AC2F7A9-4252-4265-9324-340AD469A938}.Release|Mixed Platforms.ActiveCfg = Release|Any CPU
		{7AC2F7A9-4252-4265-9324-340AD469A938}.Release|Mixed Platforms.Build.0 = Release|Any CPU
		{7AC2F7A9-4252-4265-9324-340AD469A938}.Release|x86.ActiveCfg = Release|Any CPU
		{FABD89A0-8401-4597-A29C-4862945BAB0E}.Debug|Any CPU.ActiveCfg = Debug
		{FABD89A0-8401-4597-A29C-4862945BAB0E}.Debug|Mixed Platforms.ActiveCfg = Debug
		{FABD89A0-8401-4597-A29C-4862945BAB0E}.Debug|x86.ActiveCfg = Debug
		{FABD89A0-8401-4597-A29C-4862945BAB0E}.Release|Any CPU.ActiveCfg = Release
		{FABD89A0-8401-4597-A29C-4862945BAB0E}.Release|Mixed Platforms.ActiveCfg = Release
		{FABD89A0-8401-4597-A29C-4862945BAB0E}.Release|x86.ActiveCfg = Release
		{B94C974F-BD58-4022-B878-BA9F1ECE34A9}.Debug|Any CPU.ActiveCfg = Debug|Any CPU
		{B94C974F-BD58-4022-B878-BA9F1ECE34A9}.Debug|Any CPU.Build.0 = Debug|Any CPU
		{B94C974F-BD58-4022-B878-BA9F1ECE34A9}.Debug|Mixed Platforms.ActiveCfg = Debug|Any CPU
		{B94C974F-BD58-4022-B878-BA9F1ECE34A9}.Debug|Mixed Platforms.Build.0 = Debug|Any CPU
		{B94C974F-BD58-4022-B878-BA9F1ECE34A9}.Debug|x86.ActiveCfg = Debug|Any CPU
		{B94C974F-BD58-4022-B878-BA9F1ECE34A9}.Debug|x86.Build.0 = Debug|Any CPU
		{B94C974F-BD58-4022-B878-BA9F1ECE34A9}.Release|Any CPU.ActiveCfg = Release|Any CPU
		{B94C974F-BD58-4022-B878-BA9F1ECE34A9}.Release|Any CPU.Build.0 = Release|Any CPU
		{B94C974F-BD58-4022-B878-BA9F1ECE34A9}.Release|Mixed Platforms.ActiveCfg = Release|Any CPU
		{B94C974F-BD58-4022-B878-BA9F1ECE34A9}.Release|Mixed Platforms.Build.0 = Release|Any CPU
		{B94C974F-BD58-4022-B878-BA9F1ECE34A9}.Release|x86.ActiveCfg = Release|Any CPU
		{B94C974F-BD58-4022-B878-BA9F1ECE34A9}.Release|x86.Build.0 = Release|Any CPU
		{7B3057CF-E826-401F-8F61-344A4EA1AAFE}.Debug|Any CPU.ActiveCfg = Debug|Any CPU
		{7B3057CF-E826-401F-8F61-344A4EA1AAFE}.Debug|Any CPU.Build.0 = Debug|Any CPU
		{7B3057CF-E826-401F-8F61-344A4EA1AAFE}.Debug|Mixed Platforms.ActiveCfg = Debug|Any CPU
		{7B3057CF-E826-401F-8F61-344A4EA1AAFE}.Debug|Mixed Platforms.Build.0 = Debug|Any CPU
		{7B3057CF-E826-401F-8F61-344A4EA1AAFE}.Debug|x86.ActiveCfg = Debug|Any CPU
		{7B3057CF-E826-401F-8F61-344A4EA1AAFE}.Debug|x86.Build.0 = Debug|Any CPU
		{7B3057CF-E826-401F-8F61-344A4EA1AAFE}.Release|Any CPU.ActiveCfg = Release|Any CPU
		{7B3057CF-E826-401F-8F61-344A4EA1AAFE}.Release|Any CPU.Build.0 = Release|Any CPU
		{7B3057CF-E826-401F-8F61-344A4EA1AAFE}.Release|Mixed Platforms.ActiveCfg = Release|Any CPU
		{7B3057CF-E826-401F-8F61-344A4EA1AAFE}.Release|Mixed Platforms.Build.0 = Release|Any CPU
		{7B3057CF-E826-401F-8F61-344A4EA1AAFE}.Release|x86.ActiveCfg = Release|Any CPU
		{7B3057CF-E826-401F-8F61-344A4EA1AAFE}.Release|x86.Build.0 = Release|Any CPU
		{2F101449-5DBE-41A6-847A-E0F8E1E8056A}.Debug|Any CPU.ActiveCfg = Debug|Any CPU
		{2F101449-5DBE-41A6-847A-E0F8E1E8056A}.Debug|Any CPU.Build.0 = Debug|Any CPU
		{2F101449-5DBE-41A6-847A-E0F8E1E8056A}.Debug|Mixed Platforms.ActiveCfg = Debug|Any CPU
		{2F101449-5DBE-41A6-847A-E0F8E1E8056A}.Debug|Mixed Platforms.Build.0 = Debug|Any CPU
		{2F101449-5DBE-41A6-847A-E0F8E1E8056A}.Debug|x86.ActiveCfg = Debug|Any CPU
		{2F101449-5DBE-41A6-847A-E0F8E1E8056A}.Debug|x86.Build.0 = Debug|Any CPU
		{2F101449-5DBE-41A6-847A-E0F8E1E8056A}.Release|Any CPU.ActiveCfg = Release|Any CPU
		{2F101449-5DBE-41A6-847A-E0F8E1E8056A}.Release|Any CPU.Build.0 = Release|Any CPU
		{2F101449-5DBE-41A6-847A-E0F8E1E8056A}.Release|Mixed Platforms.ActiveCfg = Release|Any CPU
		{2F101449-5DBE-41A6-847A-E0F8E1E8056A}.Release|Mixed Platforms.Build.0 = Release|Any CPU
		{2F101449-5DBE-41A6-847A-E0F8E1E8056A}.Release|x86.ActiveCfg = Release|Any CPU
		{2F101449-5DBE-41A6-847A-E0F8E1E8056A}.Release|x86.Build.0 = Release|Any CPU
		{85600840-C657-452D-8CF0-0AEFD1B68D5D}.Debug|Any CPU.ActiveCfg = Debug|Any CPU
		{85600840-C657-452D-8CF0-0AEFD1B68D5D}.Debug|Any CPU.Build.0 = Debug|Any CPU
		{85600840-C657-452D-8CF0-0AEFD1B68D5D}.Debug|Mixed Platforms.ActiveCfg = Debug|Any CPU
		{85600840-C657-452D-8CF0-0AEFD1B68D5D}.Debug|Mixed Platforms.Build.0 = Debug|Any CPU
		{85600840-C657-452D-8CF0-0AEFD1B68D5D}.Debug|x86.ActiveCfg = Debug|Any CPU
		{85600840-C657-452D-8CF0-0AEFD1B68D5D}.Debug|x86.Build.0 = Debug|Any CPU
		{85600840-C657-452D-8CF0-0AEFD1B68D5D}.Release|Any CPU.ActiveCfg = Release|Any CPU
		{85600840-C657-452D-8CF0-0AEFD1B68D5D}.Release|Any CPU.Build.0 = Release|Any CPU
		{85600840-C657-452D-8CF0-0AEFD1B68D5D}.Release|Mixed Platforms.ActiveCfg = Release|Any CPU
		{85600840-C657-452D-8CF0-0AEFD1B68D5D}.Release|Mixed Platforms.Build.0 = Release|Any CPU
		{85600840-C657-452D-8CF0-0AEFD1B68D5D}.Release|x86.ActiveCfg = Release|Any CPU
		{85600840-C657-452D-8CF0-0AEFD1B68D5D}.Release|x86.Build.0 = Release|Any CPU
	EndGlobalSection
	GlobalSection(SolutionProperties) = preSolution
		HideSolutionNode = FALSE
	EndGlobalSection
	GlobalSection(ExtensibilityGlobals) = postSolution
		SolutionGuid = {7CBA6F06-2B7A-41B9-B2D8-CEADE64F1D3D}
	EndGlobalSection
	GlobalSection(TeamFoundationVersionControl) = preSolution
		SccNumberOfProjects = 7
		SccEnterpriseProvider = {4CA58AB2-18FA-4F8D-95D4-32DDF27D184C}
		SccTeamFoundationServer = https://johanneslinnenbrink.visualstudio.com/
		SccLocalPath0 = .
		SccProjectUniqueName1 = DominoPlanner\\DominoPlanner.csproj
		SccProjectName1 = DominoPlanner
		SccLocalPath1 = DominoPlanner
		SccProjectUniqueName2 = DominoPlannerSetup\\DominoPlannerSetup.vdproj
		SccProjectName2 = DominoPlannerSetup
		SccLocalPath2 = DominoPlannerSetup
		SccProjectUniqueName3 = DominoPlanner.Core\\DominoPlanner.Core.csproj
		SccProjectName3 = DominoPlanner.Core
		SccLocalPath3 = DominoPlanner.Core
		SccProjectUniqueName4 = DominoPlanner.CoreTests\\DominoPlanner.CoreTests.csproj
		SccProjectName4 = DominoPlanner.CoreTests
		SccLocalPath4 = DominoPlanner.CoreTests
		SccProjectUniqueName5 = DominoPlanner.Usage\\DominoPlanner.Usage.csproj
		SccProjectName5 = DominoPlanner.Usage
		SccLocalPath5 = DominoPlanner.Usage
		SccProjectUniqueName6 = DominoPlanner.UnitTests\\DominoPlanner.UnitTests.csproj
		SccProjectName6 = DominoPlanner.UnitTests
		SccLocalPath6 = DominoPlanner.UnitTests
	EndGlobalSection
EndGlobal
